
Microsoft Visual Studio Solution File, Format Version 12.00
# Visual Studio Version 17
VisualStudioVersion = 17.14.36408.4 d17.14
MinimumVisualStudioVersion = 10.0.40219.1
Project("{FAE04EC0-301F-11D3-BF4B-00C04F79EFBC}") = "Farmacia VitaCare", "Farmacia VitaCare\Farmacia VitaCare.csproj", "{8FFC92B0-A2EB-4C83-82FF-231D270CC645}"
EndProject
Global
	GlobalSection(SolutionConfigurationPlatforms) = preSolution
		Debug|Any CPU = Debug|Any CPU
		Release|Any CPU = Release|Any CPU
	EndGlobalSection
	GlobalSection(ProjectConfigurationPlatforms) = postSolution
		{8FFC92B0-A2EB-4C83-82FF-231D270CC645}.Debug|Any CPU.ActiveCfg = Debug|Any CPU
		{8FFC92B0-A2EB-4C83-82FF-231D270CC645}.Debug|Any CPU.Build.0 = Debug|Any CPU
		{8FFC92B0-A2EB-4C83-82FF-231D270CC645}.Release|Any CPU.ActiveCfg = Release|Any CPU
		{8FFC92B0-A2EB-4C83-82FF-231D270CC645}.Release|Any CPU.Build.0 = Release|Any CPU
	EndGlobalSection
	GlobalSection(SolutionProperties) = preSolution
		HideSolutionNode = FALSE
	EndGlobalSection
	GlobalSection(ExtensibilityGlobals) = postSolution
		SolutionGuid = {3895C743-122E-4099-A9DE-1093D34E8F91}
	EndGlobalSection
EndGlobal
